
Microsoft Visual Studio Solution File, Format Version 12.00
# Visual Studio Version 17
VisualStudioVersion = 17.9.34616.47
MinimumVisualStudioVersion = 10.0.40219.1
Project("{9A19103F-16F7-4668-BE54-9A1E7A4F7556}") = "algo.MethodesExtensions", "algo\algo.MethodesExtensions.csproj", "{4574EA80-E705-4576-A6E1-A004D6CD8ABA}"
EndProject
Project("{9A19103F-16F7-4668-BE54-9A1E7A4F7556}") = "algo.Factorielle", "algo.Factorielle\algo.Factorielle.csproj", "{8DB44BEF-8068-47A9-9BEB-6FF65AE32305}"
EndProject
Project("{9A19103F-16F7-4668-BE54-9A1E7A4F7556}") = "algo.Palindrome", "algo.Palindrome\algo.Palindrome.csproj", "{186B58A0-F481-480F-BDFF-824BA3E92DA5}"
EndProject
Project("{9A19103F-16F7-4668-BE54-9A1E7A4F7556}") = "algo.Puissance", "algo.Puissance\algo.Puissance.csproj", "{F48433AA-3654-4BE2-832A-AB6AF43BC620}"
EndProject
Project("{9A19103F-16F7-4668-BE54-9A1E7A4F7556}") = "algo.TriBulle", "algo.TriBulle\algo.TriBulle.csproj", "{CD76CF66-BEBE-41E6-8E66-5C8CC417E336}"
EndProject
Project("{9A19103F-16F7-4668-BE54-9A1E7A4F7556}") = "algo.GestionStock", "algo.GestionStock\algo.GestionStock.csproj", "{FC1824FB-A5C4-4608-954E-D79A53003B8C}"
EndProject
Project("{9A19103F-16F7-4668-BE54-9A1E7A4F7556}") = "algo.GestionErreurs", "alg.GestionErreurs\algo.GestionErreurs.csproj", "{A3E903B2-0411-4F02-B00E-EC7EC654A707}"
EndProject
Project("{9A19103F-16F7-4668-BE54-9A1E7A4F7556}") = "Algo.Polymorphisme", "Algo.Polymorphisme\Algo.Polymorphisme.csproj", "{E33BD6BB-3207-46D2-8F4B-114E5DA0D73D}"
EndProject
Project("{9A19103F-16F7-4668-BE54-9A1E7A4F7556}") = "algo.AbstractClass", "algo.AbstractClass\algo.AbstractClass.csproj", "{E06C3511-3734-4B6E-9726-77068EB6F5EC}"
EndProject
Project("{9A19103F-16F7-4668-BE54-9A1E7A4F7556}") = "algo.Anagramme", "algo.Anagramme\algo.Anagramme.csproj", "{6C03F701-2716-48A7-ACEA-CE9F3A0ED188}"
EndProject
Project("{9A19103F-16F7-4668-BE54-9A1E7A4F7556}") = "algo.CompteBancaire", "algo.CompteBancaire\algo.CompteBancaire.csproj", "{2B3D1C36-27E8-40FA-9DE0-BEB65749B7C4}"
EndProject
Project("{9A19103F-16F7-4668-BE54-9A1E7A4F7556}") = "algo.NombrePremier", "algo.NombrePremier\algo.NombrePremier.csproj", "{4E3E8255-28CA-4D68-93AB-B430D962A25A}"
EndProject
Project("{9A19103F-16F7-4668-BE54-9A1E7A4F7556}") = "algo.Fibonacci", "algo.Fibonacci\algo.Fibonacci.csproj", "{69AA6963-3114-442E-AFFE-1F3B6834D8AF}"
EndProject
Project("{9A19103F-16F7-4668-BE54-9A1E7A4F7556}") = "algo.NbVoyelles", "algo.NbVoyelles\algo.NbVoyelles.csproj", "{E78ABEC7-D283-4C7A-B2DD-3A367D02E160}"
EndProject
Project("{9A19103F-16F7-4668-BE54-9A1E7A4F7556}") = "algo.IntersectionTableaux", "algo.IntersectionTableaux\algo.IntersectionTableaux.csproj", "{53BE0DD4-C411-41F7-9E9F-CBFE408C40BA}"
EndProject
Project("{9A19103F-16F7-4668-BE54-9A1E7A4F7556}") = "algo.TypeGenerique", "algo.TypeGenerique\algo.TypeGenerique.csproj", "{1EAA5776-C057-4DBE-A324-46BF22EF05E3}"
EndProject
Project("{9A19103F-16F7-4668-BE54-9A1E7A4F7556}") = "algo.Collections", "algo.Collections\algo.Collections.csproj", "{C3790A7B-A221-47D6-A193-18550FE280C8}"
EndProject
Project("{9A19103F-16F7-4668-BE54-9A1E7A4F7556}") = "algo.Delegates", "algo.Action\algo.Delegates.csproj", "{15BFA9F4-F495-49F8-891C-8C453EE0318F}"
EndProject
Project("{9A19103F-16F7-4668-BE54-9A1E7A4F7556}") = "algo.Narrowing", "algo.Narrowing\algo.Narrowing.csproj", "{9303F17A-16F2-4661-A880-10825199FE9C}"
EndProject
Project("{9A19103F-16F7-4668-BE54-9A1E7A4F7556}") = "algo.Indexeur", "algo.Indexeur\algo.Indexeur.csproj", "{F5FC3C53-384A-4267-82BF-E81D5F23A6B0}"
EndProject
Project("{9A19103F-16F7-4668-BE54-9A1E7A4F7556}") = "algo.PizzaExo", "algo.PizzaExo\algo.PizzaExo.csproj", "{6934A2C0-BD58-4087-815F-635ABFF53208}"
EndProject
Project("{9A19103F-16F7-4668-BE54-9A1E7A4F7556}") = "algo.UnaryPuzzle", "algo.UnaryPuzzle\algo.UnaryPuzzle.csproj", "{1C9CFC1E-4CF1-46D9-A9A0-608449608C4C}"
EndProject
Project("{9A19103F-16F7-4668-BE54-9A1E7A4F7556}") = "algo.PalindromeNumber", "algo.PalindromeNumber\algo.PalindromeNumber.csproj", "{976326C0-AD8C-4676-B895-5A5FCBEF6D39}"
EndProject
Project("{9A19103F-16F7-4668-BE54-9A1E7A4F7556}") = "algo.ConvertChiffreRomain", "algo.ConvertChiffreRomain\algo.ConvertChiffreRomain.csproj", "{F39D6C95-8EF6-4D0E-B0AA-C9414BB46288}"
EndProject
Project("{9A19103F-16F7-4668-BE54-9A1E7A4F7556}") = "algo.MergeTwoSortedLists", "algo.MergeTwoSortedLists\algo.MergeTwoSortedLists.csproj", "{B3417A5C-A128-48A1-8E25-8D0B84A79B97}"
EndProject
Project("{9A19103F-16F7-4668-BE54-9A1E7A4F7556}") = "algo.AlgoVracs", "algo.AlgoVracs\algo.AlgoVracs.csproj", "{5A204DAB-D5C1-4345-A85E-1D15024C7A21}"
EndProject
Project("{9A19103F-16F7-4668-BE54-9A1E7A4F7556}") = "algo.AlgosGameCodeur", "algo.AlgosGameCodeur\algo.AlgosGameCodeur.csproj", "{86CDFAD3-0FC0-4926-9594-7E9E478AD1C9}"
EndProject
Project("{2150E333-8FDC-42A3-9474-1A3956D46DE8}") = "Concepts", "Concepts", "{DD0E3ABA-A5D1-4997-9E91-12F2B6AC6D21}"
EndProject
Project("{2150E333-8FDC-42A3-9474-1A3956D46DE8}") = "Exercices", "Exercices", "{BE707EF0-424F-42A3-836D-477F0BAE646A}"
EndProject
Project("{9A19103F-16F7-4668-BE54-9A1E7A4F7556}") = "algo.PassageRefValeur", "algo.PassageRefValeur\algo.PassageRefValeur.csproj", "{8927DB84-0A4E-4D6A-8F91-56ABD9EBB6CE}"
EndProject
Project("{2150E333-8FDC-42A3-9474-1A3956D46DE8}") = "SOLID", "SOLID", "{741EC38A-06C3-4CA8-92A0-3B1E9AB1265E}"
EndProject
Project("{9A19103F-16F7-4668-BE54-9A1E7A4F7556}") = "Principe.S", "..\PrincipeSOLID\Principe.S\Principe.S.csproj", "{F061067C-24CB-476B-B10E-77B7B4DDF5E4}"
EndProject
Project("{9A19103F-16F7-4668-BE54-9A1E7A4F7556}") = "Principe.O", "..\PrincipeSOLID\Principe.O\Principe.O.csproj", "{0CD206F4-1F6D-4B99-A169-2634F242B34D}"
EndProject
Project("{9A19103F-16F7-4668-BE54-9A1E7A4F7556}") = "Principe.L", "..\PrincipeSOLID\Principe.L\Principe.L.csproj", "{FDBA16CE-595E-4E25-AE45-B45FA084183B}"
EndProject
Project("{9A19103F-16F7-4668-BE54-9A1E7A4F7556}") = "Principe.I", "..\PrincipeSOLID\Principe.I\Principe.I.csproj", "{85D3A24F-1C6D-49C3-BCD0-71216860D481}"
EndProject
Project("{9A19103F-16F7-4668-BE54-9A1E7A4F7556}") = "Principe.D", "..\PrincipeSOLID\Principe.D\Principe.D.csproj", "{DEF4848E-9DEE-4E54-8432-2B7BD9EA410F}"
EndProject
Global
	GlobalSection(SolutionConfigurationPlatforms) = preSolution
		Debug|Any CPU = Debug|Any CPU
		Release|Any CPU = Release|Any CPU
	EndGlobalSection
	GlobalSection(ProjectConfigurationPlatforms) = postSolution
		{4574EA80-E705-4576-A6E1-A004D6CD8ABA}.Debug|Any CPU.ActiveCfg = Debug|Any CPU
		{4574EA80-E705-4576-A6E1-A004D6CD8ABA}.Debug|Any CPU.Build.0 = Debug|Any CPU
		{4574EA80-E705-4576-A6E1-A004D6CD8ABA}.Release|Any CPU.ActiveCfg = Release|Any CPU
		{4574EA80-E705-4576-A6E1-A004D6CD8ABA}.Release|Any CPU.Build.0 = Release|Any CPU
		{8DB44BEF-8068-47A9-9BEB-6FF65AE32305}.Debug|Any CPU.ActiveCfg = Debug|Any CPU
		{8DB44BEF-8068-47A9-9BEB-6FF65AE32305}.Debug|Any CPU.Build.0 = Debug|Any CPU
		{8DB44BEF-8068-47A9-9BEB-6FF65AE32305}.Release|Any CPU.ActiveCfg = Release|Any CPU
		{8DB44BEF-8068-47A9-9BEB-6FF65AE32305}.Release|Any CPU.Build.0 = Release|Any CPU
		{186B58A0-F481-480F-BDFF-824BA3E92DA5}.Debug|Any CPU.ActiveCfg = Debug|Any CPU
		{186B58A0-F481-480F-BDFF-824BA3E92DA5}.Debug|Any CPU.Build.0 = Debug|Any CPU
		{186B58A0-F481-480F-BDFF-824BA3E92DA5}.Release|Any CPU.ActiveCfg = Release|Any CPU
		{186B58A0-F481-480F-BDFF-824BA3E92DA5}.Release|Any CPU.Build.0 = Release|Any CPU
		{F48433AA-3654-4BE2-832A-AB6AF43BC620}.Debug|Any CPU.ActiveCfg = Debug|Any CPU
		{F48433AA-3654-4BE2-832A-AB6AF43BC620}.Debug|Any CPU.Build.0 = Debug|Any CPU
		{F48433AA-3654-4BE2-832A-AB6AF43BC620}.Release|Any CPU.ActiveCfg = Release|Any CPU
		{F48433AA-3654-4BE2-832A-AB6AF43BC620}.Release|Any CPU.Build.0 = Release|Any CPU
		{CD76CF66-BEBE-41E6-8E66-5C8CC417E336}.Debug|Any CPU.ActiveCfg = Debug|Any CPU
		{CD76CF66-BEBE-41E6-8E66-5C8CC417E336}.Debug|Any CPU.Build.0 = Debug|Any CPU
		{CD76CF66-BEBE-41E6-8E66-5C8CC417E336}.Release|Any CPU.ActiveCfg = Release|Any CPU
		{CD76CF66-BEBE-41E6-8E66-5C8CC417E336}.Release|Any CPU.Build.0 = Release|Any CPU
		{FC1824FB-A5C4-4608-954E-D79A53003B8C}.Debug|Any CPU.ActiveCfg = Debug|Any CPU
		{FC1824FB-A5C4-4608-954E-D79A53003B8C}.Debug|Any CPU.Build.0 = Debug|Any CPU
		{FC1824FB-A5C4-4608-954E-D79A53003B8C}.Release|Any CPU.ActiveCfg = Release|Any CPU
		{FC1824FB-A5C4-4608-954E-D79A53003B8C}.Release|Any CPU.Build.0 = Release|Any CPU
		{A3E903B2-0411-4F02-B00E-EC7EC654A707}.Debug|Any CPU.ActiveCfg = Debug|Any CPU
		{A3E903B2-0411-4F02-B00E-EC7EC654A707}.Debug|Any CPU.Build.0 = Debug|Any CPU
		{A3E903B2-0411-4F02-B00E-EC7EC654A707}.Release|Any CPU.ActiveCfg = Release|Any CPU
		{A3E903B2-0411-4F02-B00E-EC7EC654A707}.Release|Any CPU.Build.0 = Release|Any CPU
		{E33BD6BB-3207-46D2-8F4B-114E5DA0D73D}.Debug|Any CPU.ActiveCfg = Debug|Any CPU
		{E33BD6BB-3207-46D2-8F4B-114E5DA0D73D}.Debug|Any CPU.Build.0 = Debug|Any CPU
		{E33BD6BB-3207-46D2-8F4B-114E5DA0D73D}.Release|Any CPU.ActiveCfg = Release|Any CPU
		{E33BD6BB-3207-46D2-8F4B-114E5DA0D73D}.Release|Any CPU.Build.0 = Release|Any CPU
		{E06C3511-3734-4B6E-9726-77068EB6F5EC}.Debug|Any CPU.ActiveCfg = Debug|Any CPU
		{E06C3511-3734-4B6E-9726-77068EB6F5EC}.Debug|Any CPU.Build.0 = Debug|Any CPU
		{E06C3511-3734-4B6E-9726-77068EB6F5EC}.Release|Any CPU.ActiveCfg = Release|Any CPU
		{E06C3511-3734-4B6E-9726-77068EB6F5EC}.Release|Any CPU.Build.0 = Release|Any CPU
		{6C03F701-2716-48A7-ACEA-CE9F3A0ED188}.Debug|Any CPU.ActiveCfg = Debug|Any CPU
		{6C03F701-2716-48A7-ACEA-CE9F3A0ED188}.Debug|Any CPU.Build.0 = Debug|Any CPU
		{6C03F701-2716-48A7-ACEA-CE9F3A0ED188}.Release|Any CPU.ActiveCfg = Release|Any CPU
		{6C03F701-2716-48A7-ACEA-CE9F3A0ED188}.Release|Any CPU.Build.0 = Release|Any CPU
		{2B3D1C36-27E8-40FA-9DE0-BEB65749B7C4}.Debug|Any CPU.ActiveCfg = Debug|Any CPU
		{2B3D1C36-27E8-40FA-9DE0-BEB65749B7C4}.Debug|Any CPU.Build.0 = Debug|Any CPU
		{2B3D1C36-27E8-40FA-9DE0-BEB65749B7C4}.Release|Any CPU.ActiveCfg = Release|Any CPU
		{2B3D1C36-27E8-40FA-9DE0-BEB65749B7C4}.Release|Any CPU.Build.0 = Release|Any CPU
		{4E3E8255-28CA-4D68-93AB-B430D962A25A}.Debug|Any CPU.ActiveCfg = Debug|Any CPU
		{4E3E8255-28CA-4D68-93AB-B430D962A25A}.Debug|Any CPU.Build.0 = Debug|Any CPU
		{4E3E8255-28CA-4D68-93AB-B430D962A25A}.Release|Any CPU.ActiveCfg = Release|Any CPU
		{4E3E8255-28CA-4D68-93AB-B430D962A25A}.Release|Any CPU.Build.0 = Release|Any CPU
		{69AA6963-3114-442E-AFFE-1F3B6834D8AF}.Debug|Any CPU.ActiveCfg = Debug|Any CPU
		{69AA6963-3114-442E-AFFE-1F3B6834D8AF}.Debug|Any CPU.Build.0 = Debug|Any CPU
		{69AA6963-3114-442E-AFFE-1F3B6834D8AF}.Release|Any CPU.ActiveCfg = Release|Any CPU
		{69AA6963-3114-442E-AFFE-1F3B6834D8AF}.Release|Any CPU.Build.0 = Release|Any CPU
		{E78ABEC7-D283-4C7A-B2DD-3A367D02E160}.Debug|Any CPU.ActiveCfg = Debug|Any CPU
		{E78ABEC7-D283-4C7A-B2DD-3A367D02E160}.Debug|Any CPU.Build.0 = Debug|Any CPU
		{E78ABEC7-D283-4C7A-B2DD-3A367D02E160}.Release|Any CPU.ActiveCfg = Release|Any CPU
		{E78ABEC7-D283-4C7A-B2DD-3A367D02E160}.Release|Any CPU.Build.0 = Release|Any CPU
		{53BE0DD4-C411-41F7-9E9F-CBFE408C40BA}.Debug|Any CPU.ActiveCfg = Debug|Any CPU
		{53BE0DD4-C411-41F7-9E9F-CBFE408C40BA}.Debug|Any CPU.Build.0 = Debug|Any CPU
		{53BE0DD4-C411-41F7-9E9F-CBFE408C40BA}.Release|Any CPU.ActiveCfg = Release|Any CPU
		{53BE0DD4-C411-41F7-9E9F-CBFE408C40BA}.Release|Any CPU.Build.0 = Release|Any CPU
		{1EAA5776-C057-4DBE-A324-46BF22EF05E3}.Debug|Any CPU.ActiveCfg = Debug|Any CPU
		{1EAA5776-C057-4DBE-A324-46BF22EF05E3}.Debug|Any CPU.Build.0 = Debug|Any CPU
		{1EAA5776-C057-4DBE-A324-46BF22EF05E3}.Release|Any CPU.ActiveCfg = Release|Any CPU
		{1EAA5776-C057-4DBE-A324-46BF22EF05E3}.Release|Any CPU.Build.0 = Release|Any CPU
		{C3790A7B-A221-47D6-A193-18550FE280C8}.Debug|Any CPU.ActiveCfg = Debug|Any CPU
		{C3790A7B-A221-47D6-A193-18550FE280C8}.Debug|Any CPU.Build.0 = Debug|Any CPU
		{C3790A7B-A221-47D6-A193-18550FE280C8}.Release|Any CPU.ActiveCfg = Release|Any CPU
		{C3790A7B-A221-47D6-A193-18550FE280C8}.Release|Any CPU.Build.0 = Release|Any CPU
		{15BFA9F4-F495-49F8-891C-8C453EE0318F}.Debug|Any CPU.ActiveCfg = Debug|Any CPU
		{15BFA9F4-F495-49F8-891C-8C453EE0318F}.Debug|Any CPU.Build.0 = Debug|Any CPU
		{15BFA9F4-F495-49F8-891C-8C453EE0318F}.Release|Any CPU.ActiveCfg = Release|Any CPU
		{15BFA9F4-F495-49F8-891C-8C453EE0318F}.Release|Any CPU.Build.0 = Release|Any CPU
		{9303F17A-16F2-4661-A880-10825199FE9C}.Debug|Any CPU.ActiveCfg = Debug|Any CPU
		{9303F17A-16F2-4661-A880-10825199FE9C}.Debug|Any CPU.Build.0 = Debug|Any CPU
		{9303F17A-16F2-4661-A880-10825199FE9C}.Release|Any CPU.ActiveCfg = Release|Any CPU
		{9303F17A-16F2-4661-A880-10825199FE9C}.Release|Any CPU.Build.0 = Release|Any CPU
		{F5FC3C53-384A-4267-82BF-E81D5F23A6B0}.Debug|Any CPU.ActiveCfg = Debug|Any CPU
		{F5FC3C53-384A-4267-82BF-E81D5F23A6B0}.Debug|Any CPU.Build.0 = Debug|Any CPU
		{F5FC3C53-384A-4267-82BF-E81D5F23A6B0}.Release|Any CPU.ActiveCfg = Release|Any CPU
		{F5FC3C53-384A-4267-82BF-E81D5F23A6B0}.Release|Any CPU.Build.0 = Release|Any CPU
		{6934A2C0-BD58-4087-815F-635ABFF53208}.Debug|Any CPU.ActiveCfg = Debug|Any CPU
		{6934A2C0-BD58-4087-815F-635ABFF53208}.Debug|Any CPU.Build.0 = Debug|Any CPU
		{6934A2C0-BD58-4087-815F-635ABFF53208}.Release|Any CPU.ActiveCfg = Release|Any CPU
		{6934A2C0-BD58-4087-815F-635ABFF53208}.Release|Any CPU.Build.0 = Release|Any CPU
		{1C9CFC1E-4CF1-46D9-A9A0-608449608C4C}.Debug|Any CPU.ActiveCfg = Debug|Any CPU
		{1C9CFC1E-4CF1-46D9-A9A0-608449608C4C}.Debug|Any CPU.Build.0 = Debug|Any CPU
		{1C9CFC1E-4CF1-46D9-A9A0-608449608C4C}.Release|Any CPU.ActiveCfg = Release|Any CPU
		{1C9CFC1E-4CF1-46D9-A9A0-608449608C4C}.Release|Any CPU.Build.0 = Release|Any CPU
		{976326C0-AD8C-4676-B895-5A5FCBEF6D39}.Debug|Any CPU.ActiveCfg = Debug|Any CPU
		{976326C0-AD8C-4676-B895-5A5FCBEF6D39}.Debug|Any CPU.Build.0 = Debug|Any CPU
		{976326C0-AD8C-4676-B895-5A5FCBEF6D39}.Release|Any CPU.ActiveCfg = Release|Any CPU
		{976326C0-AD8C-4676-B895-5A5FCBEF6D39}.Release|Any CPU.Build.0 = Release|Any CPU
		{F39D6C95-8EF6-4D0E-B0AA-C9414BB46288}.Debug|Any CPU.ActiveCfg = Debug|Any CPU
		{F39D6C95-8EF6-4D0E-B0AA-C9414BB46288}.Debug|Any CPU.Build.0 = Debug|Any CPU
		{F39D6C95-8EF6-4D0E-B0AA-C9414BB46288}.Release|Any CPU.ActiveCfg = Release|Any CPU
		{F39D6C95-8EF6-4D0E-B0AA-C9414BB46288}.Release|Any CPU.Build.0 = Release|Any CPU
		{B3417A5C-A128-48A1-8E25-8D0B84A79B97}.Debug|Any CPU.ActiveCfg = Debug|Any CPU
		{B3417A5C-A128-48A1-8E25-8D0B84A79B97}.Debug|Any CPU.Build.0 = Debug|Any CPU
		{B3417A5C-A128-48A1-8E25-8D0B84A79B97}.Release|Any CPU.ActiveCfg = Release|Any CPU
		{B3417A5C-A128-48A1-8E25-8D0B84A79B97}.Release|Any CPU.Build.0 = Release|Any CPU
		{5A204DAB-D5C1-4345-A85E-1D15024C7A21}.Debug|Any CPU.ActiveCfg = Debug|Any CPU
		{5A204DAB-D5C1-4345-A85E-1D15024C7A21}.Debug|Any CPU.Build.0 = Debug|Any CPU
		{5A204DAB-D5C1-4345-A85E-1D15024C7A21}.Release|Any CPU.ActiveCfg = Release|Any CPU
		{5A204DAB-D5C1-4345-A85E-1D15024C7A21}.Release|Any CPU.Build.0 = Release|Any CPU
		{86CDFAD3-0FC0-4926-9594-7E9E478AD1C9}.Debug|Any CPU.ActiveCfg = Debug|Any CPU
		{86CDFAD3-0FC0-4926-9594-7E9E478AD1C9}.Debug|Any CPU.Build.0 = Debug|Any CPU
		{86CDFAD3-0FC0-4926-9594-7E9E478AD1C9}.Release|Any CPU.ActiveCfg = Release|Any CPU
		{86CDFAD3-0FC0-4926-9594-7E9E478AD1C9}.Release|Any CPU.Build.0 = Release|Any CPU
		{8927DB84-0A4E-4D6A-8F91-56ABD9EBB6CE}.Debug|Any CPU.ActiveCfg = Debug|Any CPU
		{8927DB84-0A4E-4D6A-8F91-56ABD9EBB6CE}.Debug|Any CPU.Build.0 = Debug|Any CPU
		{8927DB84-0A4E-4D6A-8F91-56ABD9EBB6CE}.Release|Any CPU.ActiveCfg = Release|Any CPU
		{8927DB84-0A4E-4D6A-8F91-56ABD9EBB6CE}.Release|Any CPU.Build.0 = Release|Any CPU
		{F061067C-24CB-476B-B10E-77B7B4DDF5E4}.Debug|Any CPU.ActiveCfg = Debug|Any CPU
		{F061067C-24CB-476B-B10E-77B7B4DDF5E4}.Debug|Any CPU.Build.0 = Debug|Any CPU
		{F061067C-24CB-476B-B10E-77B7B4DDF5E4}.Release|Any CPU.ActiveCfg = Release|Any CPU
		{F061067C-24CB-476B-B10E-77B7B4DDF5E4}.Release|Any CPU.Build.0 = Release|Any CPU
		{0CD206F4-1F6D-4B99-A169-2634F242B34D}.Debug|Any CPU.ActiveCfg = Debug|Any CPU
		{0CD206F4-1F6D-4B99-A169-2634F242B34D}.Debug|Any CPU.Build.0 = Debug|Any CPU
		{0CD206F4-1F6D-4B99-A169-2634F242B34D}.Release|Any CPU.ActiveCfg = Release|Any CPU
		{0CD206F4-1F6D-4B99-A169-2634F242B34D}.Release|Any CPU.Build.0 = Release|Any CPU
		{FDBA16CE-595E-4E25-AE45-B45FA084183B}.Debug|Any CPU.ActiveCfg = Debug|Any CPU
		{FDBA16CE-595E-4E25-AE45-B45FA084183B}.Debug|Any CPU.Build.0 = Debug|Any CPU
		{FDBA16CE-595E-4E25-AE45-B45FA084183B}.Release|Any CPU.ActiveCfg = Release|Any CPU
		{FDBA16CE-595E-4E25-AE45-B45FA084183B}.Release|Any CPU.Build.0 = Release|Any CPU
		{85D3A24F-1C6D-49C3-BCD0-71216860D481}.Debug|Any CPU.ActiveCfg = Debug|Any CPU
		{85D3A24F-1C6D-49C3-BCD0-71216860D481}.Debug|Any CPU.Build.0 = Debug|Any CPU
		{85D3A24F-1C6D-49C3-BCD0-71216860D481}.Release|Any CPU.ActiveCfg = Release|Any CPU
		{85D3A24F-1C6D-49C3-BCD0-71216860D481}.Release|Any CPU.Build.0 = Release|Any CPU
		{DEF4848E-9DEE-4E54-8432-2B7BD9EA410F}.Debug|Any CPU.ActiveCfg = Debug|Any CPU
		{DEF4848E-9DEE-4E54-8432-2B7BD9EA410F}.Debug|Any CPU.Build.0 = Debug|Any CPU
		{DEF4848E-9DEE-4E54-8432-2B7BD9EA410F}.Release|Any CPU.ActiveCfg = Release|Any CPU
		{DEF4848E-9DEE-4E54-8432-2B7BD9EA410F}.Release|Any CPU.Build.0 = Release|Any CPU
	EndGlobalSection
	GlobalSection(SolutionProperties) = preSolution
		HideSolutionNode = FALSE
	EndGlobalSection
	GlobalSection(NestedProjects) = preSolution
		{4574EA80-E705-4576-A6E1-A004D6CD8ABA} = {DD0E3ABA-A5D1-4997-9E91-12F2B6AC6D21}
		{8DB44BEF-8068-47A9-9BEB-6FF65AE32305} = {BE707EF0-424F-42A3-836D-477F0BAE646A}
		{186B58A0-F481-480F-BDFF-824BA3E92DA5} = {BE707EF0-424F-42A3-836D-477F0BAE646A}
		{F48433AA-3654-4BE2-832A-AB6AF43BC620} = {BE707EF0-424F-42A3-836D-477F0BAE646A}
		{CD76CF66-BEBE-41E6-8E66-5C8CC417E336} = {BE707EF0-424F-42A3-836D-477F0BAE646A}
		{FC1824FB-A5C4-4608-954E-D79A53003B8C} = {BE707EF0-424F-42A3-836D-477F0BAE646A}
		{A3E903B2-0411-4F02-B00E-EC7EC654A707} = {DD0E3ABA-A5D1-4997-9E91-12F2B6AC6D21}
		{E33BD6BB-3207-46D2-8F4B-114E5DA0D73D} = {DD0E3ABA-A5D1-4997-9E91-12F2B6AC6D21}
		{E06C3511-3734-4B6E-9726-77068EB6F5EC} = {DD0E3ABA-A5D1-4997-9E91-12F2B6AC6D21}
		{6C03F701-2716-48A7-ACEA-CE9F3A0ED188} = {BE707EF0-424F-42A3-836D-477F0BAE646A}
		{2B3D1C36-27E8-40FA-9DE0-BEB65749B7C4} = {BE707EF0-424F-42A3-836D-477F0BAE646A}
		{4E3E8255-28CA-4D68-93AB-B430D962A25A} = {BE707EF0-424F-42A3-836D-477F0BAE646A}
		{69AA6963-3114-442E-AFFE-1F3B6834D8AF} = {BE707EF0-424F-42A3-836D-477F0BAE646A}
		{E78ABEC7-D283-4C7A-B2DD-3A367D02E160} = {BE707EF0-424F-42A3-836D-477F0BAE646A}
		{53BE0DD4-C411-41F7-9E9F-CBFE408C40BA} = {BE707EF0-424F-42A3-836D-477F0BAE646A}
		{1EAA5776-C057-4DBE-A324-46BF22EF05E3} = {DD0E3ABA-A5D1-4997-9E91-12F2B6AC6D21}
		{C3790A7B-A221-47D6-A193-18550FE280C8} = {DD0E3ABA-A5D1-4997-9E91-12F2B6AC6D21}
		{15BFA9F4-F495-49F8-891C-8C453EE0318F} = {DD0E3ABA-A5D1-4997-9E91-12F2B6AC6D21}
		{9303F17A-16F2-4661-A880-10825199FE9C} = {DD0E3ABA-A5D1-4997-9E91-12F2B6AC6D21}
		{F5FC3C53-384A-4267-82BF-E81D5F23A6B0} = {DD0E3ABA-A5D1-4997-9E91-12F2B6AC6D21}
		{6934A2C0-BD58-4087-815F-635ABFF53208} = {BE707EF0-424F-42A3-836D-477F0BAE646A}
		{1C9CFC1E-4CF1-46D9-A9A0-608449608C4C} = {BE707EF0-424F-42A3-836D-477F0BAE646A}
		{976326C0-AD8C-4676-B895-5A5FCBEF6D39} = {BE707EF0-424F-42A3-836D-477F0BAE646A}
		{F39D6C95-8EF6-4D0E-B0AA-C9414BB46288} = {BE707EF0-424F-42A3-836D-477F0BAE646A}
		{B3417A5C-A128-48A1-8E25-8D0B84A79B97} = {BE707EF0-424F-42A3-836D-477F0BAE646A}
		{5A204DAB-D5C1-4345-A85E-1D15024C7A21} = {BE707EF0-424F-42A3-836D-477F0BAE646A}
		{86CDFAD3-0FC0-4926-9594-7E9E478AD1C9} = {BE707EF0-424F-42A3-836D-477F0BAE646A}
		{8927DB84-0A4E-4D6A-8F91-56ABD9EBB6CE} = {DD0E3ABA-A5D1-4997-9E91-12F2B6AC6D21}
		{741EC38A-06C3-4CA8-92A0-3B1E9AB1265E} = {DD0E3ABA-A5D1-4997-9E91-12F2B6AC6D21}
		{F061067C-24CB-476B-B10E-77B7B4DDF5E4} = {741EC38A-06C3-4CA8-92A0-3B1E9AB1265E}
		{0CD206F4-1F6D-4B99-A169-2634F242B34D} = {741EC38A-06C3-4CA8-92A0-3B1E9AB1265E}
		{FDBA16CE-595E-4E25-AE45-B45FA084183B} = {741EC38A-06C3-4CA8-92A0-3B1E9AB1265E}
		{85D3A24F-1C6D-49C3-BCD0-71216860D481} = {741EC38A-06C3-4CA8-92A0-3B1E9AB1265E}
		{DEF4848E-9DEE-4E54-8432-2B7BD9EA410F} = {741EC38A-06C3-4CA8-92A0-3B1E9AB1265E}
	EndGlobalSection
	GlobalSection(ExtensibilityGlobals) = postSolution
		SolutionGuid = {0DA706EE-5CE1-4584-A369-918083060447}
	EndGlobalSection
EndGlobal
